// !$*UTF8*$!
{
	archiveVersion = 1;
	classes = {
	};
	objectVersion = 50;
	objects = {

/* Begin PBXBuildFile section */
		E5556DCD21FF8C390004C1BF /* Runner.cpp in Sources */ = {isa = PBXBuildFile; fileRef = E5556DCA21FF8C390004C1BF /* Runner.cpp */; };
		E5556DCE21FF8C390004C1BF /* Controller.cpp in Sources */ = {isa = PBXBuildFile; fileRef = E5556DCC21FF8C390004C1BF /* Controller.cpp */; };
		E58ED95D220A15550003C56B /* Timer.cpp in Sources */ = {isa = PBXBuildFile; fileRef = E58ED95B220A15550003C56B /* Timer.cpp */; };
		E58ED960220A1E930003C56B /* FileController.cpp in Sources */ = {isa = PBXBuildFile; fileRef = E58ED95E220A1E930003C56B /* FileController.cpp */; };
		E58ED964220A2BAE0003C56B /* Music.cpp in Sources */ = {isa = PBXBuildFile; fileRef = E58ED963220A2BAE0003C56B /* Music.cpp */; };
		E58ED967220A2BC30003C56B /* CrimeData.cpp in Sources */ = {isa = PBXBuildFile; fileRef = E58ED966220A2BC30003C56B /* CrimeData.cpp */; };
/* End PBXBuildFile section */

/* Begin PBXCopyFilesBuildPhase section */
		E5556DBA21FF8BAE0004C1BF /* CopyFiles */ = {
			isa = PBXCopyFilesBuildPhase;
			buildActionMask = 2147483647;
			dstPath = /usr/share/man/man1/;
			dstSubfolderSpec = 0;
			files = (
			);
			runOnlyForDeploymentPostprocessing = 1;
		};
/* End PBXCopyFilesBuildPhase section */

/* Begin PBXFileReference section */
		E519AE65220CBB5200438F46 /* List.hpp */ = {isa = PBXFileReference; lastKnownFileType = sourcecode.cpp.h; path = List.hpp; sourceTree = "<group>"; };
		E5556DBC21FF8BAE0004C1BF /* DataStructures */ = {isa = PBXFileReference; explicitFileType = "compiled.mach-o.executable"; includeInIndex = 0; path = DataStructures; sourceTree = BUILT_PRODUCTS_DIR; };
		E5556DCA21FF8C390004C1BF /* Runner.cpp */ = {isa = PBXFileReference; fileEncoding = 4; lastKnownFileType = sourcecode.cpp.cpp; path = Runner.cpp; sourceTree = "<group>"; };
		E5556DCB21FF8C390004C1BF /* Controller.hpp */ = {isa = PBXFileReference; fileEncoding = 4; lastKnownFileType = sourcecode.cpp.h; path = Controller.hpp; sourceTree = "<group>"; };
		E5556DCC21FF8C390004C1BF /* Controller.cpp */ = {isa = PBXFileReference; fileEncoding = 4; lastKnownFileType = sourcecode.cpp.cpp; path = Controller.cpp; sourceTree = "<group>"; };
		E5556DCF21FF917A0004C1BF /* Node.hpp */ = {isa = PBXFileReference; lastKnownFileType = sourcecode.cpp.h; path = Node.hpp; sourceTree = "<group>"; };
		E56CC07222022719009C5CAB /* LinearNode.hpp */ = {isa = PBXFileReference; lastKnownFileType = sourcecode.cpp.h; path = LinearNode.hpp; sourceTree = "<group>"; };
		E56CC07422023A30009C5CAB /* Array.hpp */ = {isa = PBXFileReference; lastKnownFileType = sourcecode.cpp.h; path = Array.hpp; sourceTree = "<group>"; };
		E58ED95B220A15550003C56B /* Timer.cpp */ = {isa = PBXFileReference; lastKnownFileType = sourcecode.cpp.cpp; path = Timer.cpp; sourceTree = "<group>"; };
		E58ED95C220A15550003C56B /* Timer.hpp */ = {isa = PBXFileReference; lastKnownFileType = sourcecode.cpp.h; path = Timer.hpp; sourceTree = "<group>"; };
		E58ED95E220A1E930003C56B /* FileController.cpp */ = {isa = PBXFileReference; lastKnownFileType = sourcecode.cpp.cpp; path = FileController.cpp; sourceTree = "<group>"; };
		E58ED95F220A1E930003C56B /* FileController.hpp */ = {isa = PBXFileReference; lastKnownFileType = sourcecode.cpp.h; path = FileController.hpp; sourceTree = "<group>"; };
		E58ED961220A2BA20003C56B /* music.csv */ = {isa = PBXFileReference; lastKnownFileType = text; path = music.csv; sourceTree = "<group>"; };
		E58ED962220A2BA80003C56B /* crime.csv */ = {isa = PBXFileReference; lastKnownFileType = text; path = crime.csv; sourceTree = "<group>"; };
		E58ED963220A2BAE0003C56B /* Music.cpp */ = {isa = PBXFileReference; fileEncoding = 4; lastKnownFileType = sourcecode.cpp.cpp; path = Music.cpp; sourceTree = "<group>"; };
		E58ED965220A2BB60003C56B /* Music.hpp */ = {isa = PBXFileReference; lastKnownFileType = sourcecode.cpp.h; path = Music.hpp; sourceTree = "<group>"; };
		E58ED966220A2BC30003C56B /* CrimeData.cpp */ = {isa = PBXFileReference; fileEncoding = 4; lastKnownFileType = sourcecode.cpp.cpp; path = CrimeData.cpp; sourceTree = "<group>"; };
		E58ED968220A2BC90003C56B /* CrimeData.hpp */ = {isa = PBXFileReference; lastKnownFileType = sourcecode.cpp.h; path = CrimeData.hpp; sourceTree = "<group>"; };
/* End PBXFileReference section */

/* Begin PBXFrameworksBuildPhase section */
		E5556DB921FF8BAE0004C1BF /* Frameworks */ = {
			isa = PBXFrameworksBuildPhase;
			buildActionMask = 2147483647;
			files = (
			);
			runOnlyForDeploymentPostprocessing = 0;
		};
/* End PBXFrameworksBuildPhase section */

/* Begin PBXGroup section */
		E5556DB321FF8BAE0004C1BF = {
			isa = PBXGroup;
			children = (
				E5556DBE21FF8BAE0004C1BF /* DataStructures */,
				E5556DBD21FF8BAE0004C1BF /* Products */,
			);
			sourceTree = "<group>";
		};
		E5556DBD21FF8BAE0004C1BF /* Products */ = {
			isa = PBXGroup;
			children = (
				E5556DBC21FF8BAE0004C1BF /* DataStructures */,
			);
			name = Products;
			sourceTree = "<group>";
		};
		E5556DBE21FF8BAE0004C1BF /* DataStructures */ = {
			isa = PBXGroup;
			children = (
				E5556DC921FF8BDD0004C1BF /* Resources */,
				E5556DC821FF8BD00004C1BF /* Diagrams */,
				E5556DC721FF8BC60004C1BF /* Controller */,
				E5556DC621FF8BBF0004C1BF /* Model */,
			);
			path = DataStructures;
			sourceTree = "<group>";
		};
		E5556DC621FF8BBF0004C1BF /* Model */ = {
			isa = PBXGroup;
			children = (
				E56CC07322023A04009C5CAB /* Linear */,
				E56CC070220226D4009C5CAB /* Nodes */,
			);
			path = Model;
			sourceTree = "<group>";
		};
		E5556DC721FF8BC60004C1BF /* Controller */ = {
			isa = PBXGroup;
			children = (
				E58ED95A220A151E0003C56B /* Tools */,
				E5556DCC21FF8C390004C1BF /* Controller.cpp */,
				E5556DCB21FF8C390004C1BF /* Controller.hpp */,
				E5556DCA21FF8C390004C1BF /* Runner.cpp */,
				E58ED95E220A1E930003C56B /* FileController.cpp */,
				E58ED95F220A1E930003C56B /* FileController.hpp */,
			);
			path = Controller;
			sourceTree = "<group>";
		};
		E5556DC821FF8BD00004C1BF /* Diagrams */ = {
			isa = PBXGroup;
			children = (
			);
			path = Diagrams;
			sourceTree = "<group>";
		};
		E5556DC921FF8BDD0004C1BF /* Resources */ = {
			isa = PBXGroup;
			children = (
				E58ED968220A2BC90003C56B /* CrimeData.hpp */,
				E58ED966220A2BC30003C56B /* CrimeData.cpp */,
				E58ED965220A2BB60003C56B /* Music.hpp */,
				E58ED963220A2BAE0003C56B /* Music.cpp */,
				E58ED962220A2BA80003C56B /* crime.csv */,
				E58ED961220A2BA20003C56B /* music.csv */,
			);
			path = Resources;
			sourceTree = "<group>";
		};
		E56CC070220226D4009C5CAB /* Nodes */ = {
			isa = PBXGroup;
			children = (
				E5556DCF21FF917A0004C1BF /* Node.hpp */,
				E56CC07222022719009C5CAB /* LinearNode.hpp */,
			);
			path = Nodes;
			sourceTree = "<group>";
		};
		E56CC07322023A04009C5CAB /* Linear */ = {
			isa = PBXGroup;
			children = (
				E56CC07422023A30009C5CAB /* Array.hpp */,
				E519AE65220CBB5200438F46 /* List.hpp */,
			);
			path = Linear;
			sourceTree = "<group>";
		};
		E58ED95A220A151E0003C56B /* Tools */ = {
			isa = PBXGroup;
			children = (
				E58ED95B220A15550003C56B /* Timer.cpp */,
				E58ED95C220A15550003C56B /* Timer.hpp */,
			);
			path = Tools;
			sourceTree = "<group>";
		};
/* End PBXGroup section */

/* Begin PBXNativeTarget section */
		E5556DBB21FF8BAE0004C1BF /* DataStructures */ = {
			isa = PBXNativeTarget;
			buildConfigurationList = E5556DC321FF8BAE0004C1BF /* Build configuration list for PBXNativeTarget "DataStructures" */;
			buildPhases = (
				E5556DB821FF8BAE0004C1BF /* Sources */,
				E5556DB921FF8BAE0004C1BF /* Frameworks */,
				E5556DBA21FF8BAE0004C1BF /* CopyFiles */,
			);
			buildRules = (
			);
			dependencies = (
			);
			name = DataStructures;
			productName = DataStructures;
			productReference = E5556DBC21FF8BAE0004C1BF /* DataStructures */;
			productType = "com.apple.product-type.tool";
		};
/* End PBXNativeTarget section */

/* Begin PBXProject section */
		E5556DB421FF8BAE0004C1BF /* Project object */ = {
			isa = PBXProject;
			attributes = {
				LastUpgradeCheck = 1000;
				ORGANIZATIONNAME = CTEC;
				TargetAttributes = {
					E5556DBB21FF8BAE0004C1BF = {
						CreatedOnToolsVersion = 10.0;
					};
				};
			};
			buildConfigurationList = E5556DB721FF8BAE0004C1BF /* Build configuration list for PBXProject "DataStructures" */;
			compatibilityVersion = "Xcode 9.3";
			developmentRegion = en;
			hasScannedForEncodings = 0;
			knownRegions = (
				en,
			);
			mainGroup = E5556DB321FF8BAE0004C1BF;
			productRefGroup = E5556DBD21FF8BAE0004C1BF /* Products */;
			projectDirPath = "";
			projectRoot = "";
			targets = (
				E5556DBB21FF8BAE0004C1BF /* DataStructures */,
			);
		};
/* End PBXProject section */

/* Begin PBXSourcesBuildPhase section */
		E5556DB821FF8BAE0004C1BF /* Sources */ = {
			isa = PBXSourcesBuildPhase;
			buildActionMask = 2147483647;
			files = (
				E58ED964220A2BAE0003C56B /* Music.cpp in Sources */,
				E58ED95D220A15550003C56B /* Timer.cpp in Sources */,
				E58ED967220A2BC30003C56B /* CrimeData.cpp in Sources */,
				E5556DCD21FF8C390004C1BF /* Runner.cpp in Sources */,
				E5556DCE21FF8C390004C1BF /* Controller.cpp in Sources */,
				E58ED960220A1E930003C56B /* FileController.cpp in Sources */,
			);
			runOnlyForDeploymentPostprocessing = 0;
		};
/* End PBXSourcesBuildPhase section */

/* Begin XCBuildConfiguration section */
		E5556DC121FF8BAE0004C1BF /* Debug */ = {
			isa = XCBuildConfiguration;
			buildSettings = {
				ALWAYS_SEARCH_USER_PATHS = NO;
				CLANG_ANALYZER_NONNULL = YES;
				CLANG_ANALYZER_NUMBER_OBJECT_CONVERSION = YES_AGGRESSIVE;
				CLANG_CXX_LANGUAGE_STANDARD = "gnu++14";
				CLANG_CXX_LIBRARY = "libc++";
				CLANG_ENABLE_MODULES = YES;
				CLANG_ENABLE_OBJC_ARC = YES;
				CLANG_ENABLE_OBJC_WEAK = YES;
				CLANG_WARN_BLOCK_CAPTURE_AUTORELEASING = YES;
				CLANG_WARN_BOOL_CONVERSION = YES;
				CLANG_WARN_COMMA = YES;
				CLANG_WARN_CONSTANT_CONVERSION = YES;
				CLANG_WARN_DEPRECATED_OBJC_IMPLEMENTATIONS = YES;
				CLANG_WARN_DIRECT_OBJC_ISA_USAGE = YES_ERROR;
				CLANG_WARN_DOCUMENTATION_COMMENTS = YES;
				CLANG_WARN_EMPTY_BODY = YES;
				CLANG_WARN_ENUM_CONVERSION = YES;
				CLANG_WARN_INFINITE_RECURSION = YES;
				CLANG_WARN_INT_CONVERSION = YES;
				CLANG_WARN_NON_LITERAL_NULL_CONVERSION = YES;
				CLANG_WARN_OBJC_IMPLICIT_RETAIN_SELF = YES;
				CLANG_WARN_OBJC_LITERAL_CONVERSION = YES;
				CLANG_WARN_OBJC_ROOT_CLASS = YES_ERROR;
				CLANG_WARN_RANGE_LOOP_ANALYSIS = YES;
				CLANG_WARN_STRICT_PROTOTYPES = YES;
				CLANG_WARN_SUSPICIOUS_MOVE = YES;
				CLANG_WARN_UNGUARDED_AVAILABILITY = YES_AGGRESSIVE;
				CLANG_WARN_UNREACHABLE_CODE = YES;
				CLANG_WARN__DUPLICATE_METHOD_MATCH = YES;
				CODE_SIGN_IDENTITY = "-";
				COPY_PHASE_STRIP = NO;
				DEBUG_INFORMATION_FORMAT = dwarf;
				ENABLE_STRICT_OBJC_MSGSEND = YES;
				ENABLE_TESTABILITY = YES;
				GCC_C_LANGUAGE_STANDARD = gnu11;
				GCC_DYNAMIC_NO_PIC = NO;
				GCC_NO_COMMON_BLOCKS = YES;
				GCC_OPTIMIZATION_LEVEL = 0;
				GCC_PREPROCESSOR_DEFINITIONS = (
					"DEBUG=1",
					"$(inherited)",
				);
				GCC_WARN_64_TO_32_BIT_CONVERSION = YES;
				GCC_WARN_ABOUT_RETURN_TYPE = YES_ERROR;
				GCC_WARN_UNDECLARED_SELECTOR = YES;
				GCC_WARN_UNINITIALIZED_AUTOS = YES_AGGRESSIVE;
				GCC_WARN_UNUSED_FUNCTION = YES;
				GCC_WARN_UNUSED_VARIABLE = YES;
				MACOSX_DEPLOYMENT_TARGET = 10.14;
				MTL_ENABLE_DEBUG_INFO = INCLUDE_SOURCE;
				MTL_FAST_MATH = YES;
				ONLY_ACTIVE_ARCH = YES;
				SDKROOT = macosx;
			};
			name = Debug;
		};
		E5556DC221FF8BAE0004C1BF /* Release */ = {
			isa = XCBuildConfiguration;
			buildSettings = {
				ALWAYS_SEARCH_USER_PATHS = NO;
				CLANG_ANALYZER_NONNULL = YES;
				CLANG_ANALYZER_NUMBER_OBJECT_CONVERSION = YES_AGGRESSIVE;
				CLANG_CXX_LANGUAGE_STANDARD = "gnu++14";
				CLANG_CXX_LIBRARY = "libc++";
				CLANG_ENABLE_MODULES = YES;
				CLANG_ENABLE_OBJC_ARC = YES;
				CLANG_ENABLE_OBJC_WEAK = YES;
				CLANG_WARN_BLOCK_CAPTURE_AUTORELEASING = YES;
				CLANG_WARN_BOOL_CONVERSION = YES;
				CLANG_WARN_COMMA = YES;
				CLANG_WARN_CONSTANT_CONVERSION = YES;
				CLANG_WARN_DEPRECATED_OBJC_IMPLEMENTATIONS = YES;
				CLANG_WARN_DIRECT_OBJC_ISA_USAGE = YES_ERROR;
				CLANG_WARN_DOCUMENTATION_COMMENTS = YES;
				CLANG_WARN_EMPTY_BODY = YES;
				CLANG_WARN_ENUM_CONVERSION = YES;
				CLANG_WARN_INFINITE_RECURSION = YES;
				CLANG_WARN_INT_CONVERSION = YES;
				CLANG_WARN_NON_LITERAL_NULL_CONVERSION = YES;
				CLANG_WARN_OBJC_IMPLICIT_RETAIN_SELF = YES;
				CLANG_WARN_OBJC_LITERAL_CONVERSION = YES;
				CLANG_WARN_OBJC_ROOT_CLASS = YES_ERROR;
				CLANG_WARN_RANGE_LOOP_ANALYSIS = YES;
				CLANG_WARN_STRICT_PROTOTYPES = YES;
				CLANG_WARN_SUSPICIOUS_MOVE = YES;
				CLANG_WARN_UNGUARDED_AVAILABILITY = YES_AGGRESSIVE;
				CLANG_WARN_UNREACHABLE_CODE = YES;
				CLANG_WARN__DUPLICATE_METHOD_MATCH = YES;
				CODE_SIGN_IDENTITY = "-";
				COPY_PHASE_STRIP = NO;
				DEBUG_INFORMATION_FORMAT = "dwarf-with-dsym";
				ENABLE_NS_ASSERTIONS = NO;
				ENABLE_STRICT_OBJC_MSGSEND = YES;
				GCC_C_LANGUAGE_STANDARD = gnu11;
				GCC_NO_COMMON_BLOCKS = YES;
				GCC_WARN_64_TO_32_BIT_CONVERSION = YES;
				GCC_WARN_ABOUT_RETURN_TYPE = YES_ERROR;
				GCC_WARN_UNDECLARED_SELECTOR = YES;
				GCC_WARN_UNINITIALIZED_AUTOS = YES_AGGRESSIVE;
				GCC_WARN_UNUSED_FUNCTION = YES;
				GCC_WARN_UNUSED_VARIABLE = YES;
				MACOSX_DEPLOYMENT_TARGET = 10.14;
				MTL_ENABLE_DEBUG_INFO = NO;
				MTL_FAST_MATH = YES;
				SDKROOT = macosx;
			};
			name = Release;
		};
		E5556DC421FF8BAE0004C1BF /* Debug */ = {
			isa = XCBuildConfiguration;
			buildSettings = {
				CODE_SIGN_STYLE = Automatic;
				PRODUCT_NAME = "$(TARGET_NAME)";
			};
			name = Debug;
		};
		E5556DC521FF8BAE0004C1BF /* Release */ = {
			isa = XCBuildConfiguration;
			buildSettings = {
				CODE_SIGN_STYLE = Automatic;
				PRODUCT_NAME = "$(TARGET_NAME)";
			};
			name = Release;
		};
/* End XCBuildConfiguration section */

/* Begin XCConfigurationList section */
		E5556DB721FF8BAE0004C1BF /* Build configuration list for PBXProject "DataStructures" */ = {
			isa = XCConfigurationList;
			buildConfigurations = (
				E5556DC121FF8BAE0004C1BF /* Debug */,
				E5556DC221FF8BAE0004C1BF /* Release */,
			);
			defaultConfigurationIsVisible = 0;
			defaultConfigurationName = Release;
		};
		E5556DC321FF8BAE0004C1BF /* Build configuration list for PBXNativeTarget "DataStructures" */ = {
			isa = XCConfigurationList;
			buildConfigurations = (
				E5556DC421FF8BAE0004C1BF /* Debug */,
				E5556DC521FF8BAE0004C1BF /* Release */,
			);
			defaultConfigurationIsVisible = 0;
			defaultConfigurationName = Release;
		};
/* End XCConfigurationList section */
	};
	rootObject = E5556DB421FF8BAE0004C1BF /* Project object */;
}
